
Microsoft Visual Studio Solution File, Format Version 12.00
# Visual Studio 2013
VisualStudioVersion = 12.0.30723.0
MinimumVisualStudioVersion = 10.0.40219.1
Project("{FAE04EC0-301F-11D3-BF4B-00C04F79EFBC}") = "Engr.Kinematics", "Engr.Kinematics\Engr.Kinematics.csproj", "{7332FF23-7232-45F4-990F-EFD076B253CE}"
EndProject
Project("{FAE04EC0-301F-11D3-BF4B-00C04F79EFBC}") = "Engr.Kinematics.Tests", "Engr.Kinematics.Tests\Engr.Kinematics.Tests.csproj", "{43BFC106-87DD-45CA-A6F1-33A355DE9E2A}"
EndProject
Global
	GlobalSection(SolutionConfigurationPlatforms) = preSolution
		Debug|Any CPU = Debug|Any CPU
		Release|Any CPU = Release|Any CPU
	EndGlobalSection
	GlobalSection(ProjectConfigurationPlatforms) = postSolution
		{7332FF23-7232-45F4-990F-EFD076B253CE}.Debug|Any CPU.ActiveCfg = Debug|Any CPU
		{7332FF23-7232-45F4-990F-EFD076B253CE}.Debug|Any CPU.Build.0 = Debug|Any CPU
		{7332FF23-7232-45F4-990F-EFD076B253CE}.Release|Any CPU.ActiveCfg = Release|Any CPU
		{7332FF23-7232-45F4-990F-EFD076B253CE}.Release|Any CPU.Build.0 = Release|Any CPU
		{43BFC106-87DD-45CA-A6F1-33A355DE9E2A}.Debug|Any CPU.ActiveCfg = Debug|Any CPU
		{43BFC106-87DD-45CA-A6F1-33A355DE9E2A}.Debug|Any CPU.Build.0 = Debug|Any CPU
		{43BFC106-87DD-45CA-A6F1-33A355DE9E2A}.Release|Any CPU.ActiveCfg = Release|Any CPU
		{43BFC106-87DD-45CA-A6F1-33A355DE9E2A}.Release|Any CPU.Build.0 = Release|Any CPU
	EndGlobalSection
	GlobalSection(SolutionProperties) = preSolution
		HideSolutionNode = FALSE
	EndGlobalSection
EndGlobal
